
Microsoft Visual Studio Solution File, Format Version 12.00
# Visual Studio 15
VisualStudioVersion = 15.0.28307.168
MinimumVisualStudioVersion = 10.0.40219.1
Project("{8BC9CEB8-8B4A-11D0-8D11-00A0C91BC942}") = "Chip8EmulatorRemake", "Chip8EmulatorRemake\Chip8EmulatorRemake.vcxproj", "{FA32E649-B783-4AB3-9F58-01B7182A2468}"
EndProject
Global
	GlobalSection(Performance) = preSolution
		HasPerformanceSessions = true
	EndGlobalSection
	GlobalSection(SolutionConfigurationPlatforms) = preSolution
		Debug|x64 = Debug|x64
		Debug|x86 = Debug|x86
		Release|x64 = Release|x64
		Release|x86 = Release|x86
	EndGlobalSection
	GlobalSection(ProjectConfigurationPlatforms) = postSolution
		{FA32E649-B783-4AB3-9F58-01B7182A2468}.Debug|x64.ActiveCfg = Debug|x64
		{FA32E649-B783-4AB3-9F58-01B7182A2468}.Debug|x64.Build.0 = Debug|x64
		{FA32E649-B783-4AB3-9F58-01B7182A2468}.Debug|x86.ActiveCfg = Debug|Win32
		{FA32E649-B783-4AB3-9F58-01B7182A2468}.Debug|x86.Build.0 = Debug|Win32
		{FA32E649-B783-4AB3-9F58-01B7182A2468}.Release|x64.ActiveCfg = Release|x64
		{FA32E649-B783-4AB3-9F58-01B7182A2468}.Release|x64.Build.0 = Release|x64
		{FA32E649-B783-4AB3-9F58-01B7182A2468}.Release|x86.ActiveCfg = Release|Win32
		{FA32E649-B783-4AB3-9F58-01B7182A2468}.Release|x86.Build.0 = Release|Win32
	EndGlobalSection
	GlobalSection(SolutionProperties) = preSolution
		HideSolutionNode = FALSE
	EndGlobalSection
	GlobalSection(ExtensibilityGlobals) = postSolution
		SolutionGuid = {7086890B-4214-4D02-AAC7-BCB0587B6EC5}
	EndGlobalSection
EndGlobal
